
Microsoft Visual Studio Solution File, Format Version 12.00
# Visual Studio Version 16
VisualStudioVersion = 16.0.30204.135
MinimumVisualStudioVersion = 10.0.40219.1
Project("{FAE04EC0-301F-11D3-BF4B-00C04F79EFBC}") = "Assignment 3", "Assignment 3\Assignment 3.csproj", "{AC14FB07-1A6B-4D46-9052-493435964E23}"
EndProject
Global
	GlobalSection(SolutionConfigurationPlatforms) = preSolution
		Debug|Any CPU = Debug|Any CPU
		Release|Any CPU = Release|Any CPU
	EndGlobalSection
	GlobalSection(ProjectConfigurationPlatforms) = postSolution
		{AC14FB07-1A6B-4D46-9052-493435964E23}.Debug|Any CPU.ActiveCfg = Debug|Any CPU
		{AC14FB07-1A6B-4D46-9052-493435964E23}.Debug|Any CPU.Build.0 = Debug|Any CPU
		{AC14FB07-1A6B-4D46-9052-493435964E23}.Release|Any CPU.ActiveCfg = Release|Any CPU
		{AC14FB07-1A6B-4D46-9052-493435964E23}.Release|Any CPU.Build.0 = Release|Any CPU
	EndGlobalSection
	GlobalSection(SolutionProperties) = preSolution
		HideSolutionNode = FALSE
	EndGlobalSection
	GlobalSection(ExtensibilityGlobals) = postSolution
		SolutionGuid = {79266B31-33E6-4371-A1A1-42E72F02595A}
	EndGlobalSection
EndGlobal
